
Microsoft Visual Studio Solution File, Format Version 12.00
# Visual Studio Version 17
VisualStudioVersion = 17.11.35327.3
MinimumVisualStudioVersion = 10.0.40219.1
Project("{2150E333-8FDC-42A3-9474-1A3956D46DE8}") = "ChatAI.Console", "ChatAI.Console", "{E3C47F3D-57C3-4AD7-82FA-367191D41E05}"
EndProject
Project("{FAE04EC0-301F-11D3-BF4B-00C04F79EFBC}") = "ChatAI.Console", "ChatAI.Console\ChatAI.Console.csproj", "{86755C25-D919-47AB-8056-CE87A343C60D}"
EndProject
Project("{2150E333-8FDC-42A3-9474-1A3956D46DE8}") = "Docs", "Docs", "{1FB72045-8B38-48CE-A378-D72984ED7106}"
	ProjectSection(SolutionItems) = preProject
		todo.txt = todo.txt
	EndProjectSection
EndProject
Project("{2150E333-8FDC-42A3-9474-1A3956D46DE8}") = "ChatAI.Web", "ChatAI.Web", "{F4755D49-864E-4EBC-88EB-5D46AFDDE7F2}"
EndProject
Project("{2150E333-8FDC-42A3-9474-1A3956D46DE8}") = "ChatAI.Web.Api", "ChatAI.Web.Api", "{DF65DAF8-762A-4D0B-8D0C-0A9C3E53BB40}"
EndProject
Project("{FAE04EC0-301F-11D3-BF4B-00C04F79EFBC}") = "ChatAI.Web.Api", "ChatAI.Web\ChatAI.Web.Api\ChatAI.Web.Api.csproj", "{BA41ED8E-DEC5-4962-A6BE-171F9D950A5C}"
EndProject
Project("{2150E333-8FDC-42A3-9474-1A3956D46DE8}") = "ChatAI.Lib", "ChatAI.Lib", "{1CEDDB89-EC11-4279-8119-B3DB2E470375}"
EndProject
Project("{2150E333-8FDC-42A3-9474-1A3956D46DE8}") = "ChatAI.Lib.Domain", "ChatAI.Lib.Domain", "{9C388162-5241-4C19-8179-FF446A8E94E3}"
EndProject
Project("{FAE04EC0-301F-11D3-BF4B-00C04F79EFBC}") = "ChatAI.Lib.Domain", "ChatAI.Lib\ChatAI.Lib.Domain\ChatAI.Lib.Domain.csproj", "{E2B6E97D-64F5-40B0-BF79-6FCB90CB75E3}"
EndProject
Project("{2150E333-8FDC-42A3-9474-1A3956D46DE8}") = "ChatAI.Lib.DataAccess", "ChatAI.Lib.DataAccess", "{B71343F3-119E-4CD1-AE28-832DE23F5602}"
EndProject
Project("{2150E333-8FDC-42A3-9474-1A3956D46DE8}") = "ChatAI.Lib.DataAccess.EFCore", "ChatAI.Lib.DataAccess.EFCore", "{2EAFEFD8-FB72-4368-B3E6-6735BA8E8626}"
EndProject
Project("{FAE04EC0-301F-11D3-BF4B-00C04F79EFBC}") = "ChatAI.Lib.DataAccess.EFCore", "ChatAI.Lib\ChatAI.Lib.DataAccess\ChatAI.Lib.DataAccess.EFCore\ChatAI.Lib.DataAccess.EFCore.csproj", "{99E2FEA8-86E2-47AB-8B30-61959FF5EC93}"
EndProject
Project("{2150E333-8FDC-42A3-9474-1A3956D46DE8}") = "ChatAI.Lib.Application", "ChatAI.Lib.Application", "{DE4C1182-E6AB-4061-B732-02F6B8DD41FA}"
EndProject
Project("{FAE04EC0-301F-11D3-BF4B-00C04F79EFBC}") = "ChatAI.Lib.Application", "ChatAI.Lib\ChatAI.Lib.Application\ChatAI.Lib.Application.csproj", "{15A659F9-EA70-4EC5-97E3-A1DBC7F102F6}"
EndProject
Project("{2150E333-8FDC-42A3-9474-1A3956D46DE8}") = "ChatAI.Lib.Contract", "ChatAI.Lib.Contract", "{D1095C55-D1CD-4D75-838A-18A40072E2A7}"
EndProject
Project("{FAE04EC0-301F-11D3-BF4B-00C04F79EFBC}") = "ChatAI.Lib.Contract", "ChatAI.Lib\ChatAI.Lib.Contract\ChatAI.Lib.Contract.csproj", "{0C35501D-2707-4DDA-9CC9-05A31CF4BD8A}"
EndProject
Global
	GlobalSection(SolutionConfigurationPlatforms) = preSolution
		Debug|Any CPU = Debug|Any CPU
		Release|Any CPU = Release|Any CPU
	EndGlobalSection
	GlobalSection(ProjectConfigurationPlatforms) = postSolution
		{86755C25-D919-47AB-8056-CE87A343C60D}.Debug|Any CPU.ActiveCfg = Debug|Any CPU
		{86755C25-D919-47AB-8056-CE87A343C60D}.Debug|Any CPU.Build.0 = Debug|Any CPU
		{86755C25-D919-47AB-8056-CE87A343C60D}.Release|Any CPU.ActiveCfg = Release|Any CPU
		{86755C25-D919-47AB-8056-CE87A343C60D}.Release|Any CPU.Build.0 = Release|Any CPU
		{BA41ED8E-DEC5-4962-A6BE-171F9D950A5C}.Debug|Any CPU.ActiveCfg = Debug|Any CPU
		{BA41ED8E-DEC5-4962-A6BE-171F9D950A5C}.Debug|Any CPU.Build.0 = Debug|Any CPU
		{BA41ED8E-DEC5-4962-A6BE-171F9D950A5C}.Release|Any CPU.ActiveCfg = Release|Any CPU
		{BA41ED8E-DEC5-4962-A6BE-171F9D950A5C}.Release|Any CPU.Build.0 = Release|Any CPU
		{E2B6E97D-64F5-40B0-BF79-6FCB90CB75E3}.Debug|Any CPU.ActiveCfg = Debug|Any CPU
		{E2B6E97D-64F5-40B0-BF79-6FCB90CB75E3}.Debug|Any CPU.Build.0 = Debug|Any CPU
		{E2B6E97D-64F5-40B0-BF79-6FCB90CB75E3}.Release|Any CPU.ActiveCfg = Release|Any CPU
		{E2B6E97D-64F5-40B0-BF79-6FCB90CB75E3}.Release|Any CPU.Build.0 = Release|Any CPU
		{99E2FEA8-86E2-47AB-8B30-61959FF5EC93}.Debug|Any CPU.ActiveCfg = Debug|Any CPU
		{99E2FEA8-86E2-47AB-8B30-61959FF5EC93}.Debug|Any CPU.Build.0 = Debug|Any CPU
		{99E2FEA8-86E2-47AB-8B30-61959FF5EC93}.Release|Any CPU.ActiveCfg = Release|Any CPU
		{99E2FEA8-86E2-47AB-8B30-61959FF5EC93}.Release|Any CPU.Build.0 = Release|Any CPU
		{15A659F9-EA70-4EC5-97E3-A1DBC7F102F6}.Debug|Any CPU.ActiveCfg = Debug|Any CPU
		{15A659F9-EA70-4EC5-97E3-A1DBC7F102F6}.Debug|Any CPU.Build.0 = Debug|Any CPU
		{15A659F9-EA70-4EC5-97E3-A1DBC7F102F6}.Release|Any CPU.ActiveCfg = Release|Any CPU
		{15A659F9-EA70-4EC5-97E3-A1DBC7F102F6}.Release|Any CPU.Build.0 = Release|Any CPU
		{0C35501D-2707-4DDA-9CC9-05A31CF4BD8A}.Debug|Any CPU.ActiveCfg = Debug|Any CPU
		{0C35501D-2707-4DDA-9CC9-05A31CF4BD8A}.Debug|Any CPU.Build.0 = Debug|Any CPU
		{0C35501D-2707-4DDA-9CC9-05A31CF4BD8A}.Release|Any CPU.ActiveCfg = Release|Any CPU
		{0C35501D-2707-4DDA-9CC9-05A31CF4BD8A}.Release|Any CPU.Build.0 = Release|Any CPU
	EndGlobalSection
	GlobalSection(SolutionProperties) = preSolution
		HideSolutionNode = FALSE
	EndGlobalSection
	GlobalSection(NestedProjects) = preSolution
		{86755C25-D919-47AB-8056-CE87A343C60D} = {E3C47F3D-57C3-4AD7-82FA-367191D41E05}
		{DF65DAF8-762A-4D0B-8D0C-0A9C3E53BB40} = {F4755D49-864E-4EBC-88EB-5D46AFDDE7F2}
		{BA41ED8E-DEC5-4962-A6BE-171F9D950A5C} = {DF65DAF8-762A-4D0B-8D0C-0A9C3E53BB40}
		{9C388162-5241-4C19-8179-FF446A8E94E3} = {1CEDDB89-EC11-4279-8119-B3DB2E470375}
		{E2B6E97D-64F5-40B0-BF79-6FCB90CB75E3} = {9C388162-5241-4C19-8179-FF446A8E94E3}
		{B71343F3-119E-4CD1-AE28-832DE23F5602} = {1CEDDB89-EC11-4279-8119-B3DB2E470375}
		{2EAFEFD8-FB72-4368-B3E6-6735BA8E8626} = {B71343F3-119E-4CD1-AE28-832DE23F5602}
		{99E2FEA8-86E2-47AB-8B30-61959FF5EC93} = {2EAFEFD8-FB72-4368-B3E6-6735BA8E8626}
		{DE4C1182-E6AB-4061-B732-02F6B8DD41FA} = {1CEDDB89-EC11-4279-8119-B3DB2E470375}
		{15A659F9-EA70-4EC5-97E3-A1DBC7F102F6} = {DE4C1182-E6AB-4061-B732-02F6B8DD41FA}
		{D1095C55-D1CD-4D75-838A-18A40072E2A7} = {1CEDDB89-EC11-4279-8119-B3DB2E470375}
		{0C35501D-2707-4DDA-9CC9-05A31CF4BD8A} = {D1095C55-D1CD-4D75-838A-18A40072E2A7}
	EndGlobalSection
	GlobalSection(ExtensibilityGlobals) = postSolution
		SolutionGuid = {381ABB03-9FAF-462E-A1F9-AC2772E4DEB4}
	EndGlobalSection
EndGlobal
